
Microsoft Visual Studio Solution File, Format Version 12.00
# Visual Studio Version 17
VisualStudioVersion = 17.12.35527.113
MinimumVisualStudioVersion = 10.0.40219.1
Project("{FAE04EC0-301F-11D3-BF4B-00C04F79EFBC}") = "NewTube.Server", "NewTube\NewTube\NewTube.Server.csproj", "{8B525CCD-FE21-4B37-B838-F5910421F773}"
EndProject
Project("{FAE04EC0-301F-11D3-BF4B-00C04F79EFBC}") = "NewTube.Client", "NewTube\NewTube.Client\NewTube.Client.csproj", "{3A506AF8-B3B3-457A-BC42-6028549D253F}"
EndProject
Global
	GlobalSection(SolutionConfigurationPlatforms) = preSolution
		Debug|Any CPU = Debug|Any CPU
		Release|Any CPU = Release|Any CPU
	EndGlobalSection
	GlobalSection(ProjectConfigurationPlatforms) = postSolution
		{8B525CCD-FE21-4B37-B838-F5910421F773}.Debug|Any CPU.ActiveCfg = Debug|Any CPU
		{8B525CCD-FE21-4B37-B838-F5910421F773}.Debug|Any CPU.Build.0 = Debug|Any CPU
		{8B525CCD-FE21-4B37-B838-F5910421F773}.Release|Any CPU.ActiveCfg = Release|Any CPU
		{8B525CCD-FE21-4B37-B838-F5910421F773}.Release|Any CPU.Build.0 = Release|Any CPU
		{3A506AF8-B3B3-457A-BC42-6028549D253F}.Debug|Any CPU.ActiveCfg = Debug|Any CPU
		{3A506AF8-B3B3-457A-BC42-6028549D253F}.Debug|Any CPU.Build.0 = Debug|Any CPU
		{3A506AF8-B3B3-457A-BC42-6028549D253F}.Release|Any CPU.ActiveCfg = Release|Any CPU
		{3A506AF8-B3B3-457A-BC42-6028549D253F}.Release|Any CPU.Build.0 = Release|Any CPU
	EndGlobalSection
	GlobalSection(SolutionProperties) = preSolution
		HideSolutionNode = FALSE
	EndGlobalSection
EndGlobal
